// !$*UTF8*$!
{
	archiveVersion = 1;
	classes = {
	};
	objectVersion = 56;
	objects = {

/* Begin PBXBuildFile section */
		F1D681B92AB1AB4E00AE97BB /* AppDelegate.swift in Sources */ = {isa = PBXBuildFile; fileRef = F1D681B82AB1AB4E00AE97BB /* AppDelegate.swift */; };
		F1D681BB2AB1AB4E00AE97BB /* SceneDelegate.swift in Sources */ = {isa = PBXBuildFile; fileRef = F1D681BA2AB1AB4E00AE97BB /* SceneDelegate.swift */; };
		F1D681BD2AB1AB4E00AE97BB /* ViewController.swift in Sources */ = {isa = PBXBuildFile; fileRef = F1D681BC2AB1AB4E00AE97BB /* ViewController.swift */; };
		F1D681C02AB1AB4E00AE97BB /* Main.storyboard in Resources */ = {isa = PBXBuildFile; fileRef = F1D681BE2AB1AB4E00AE97BB /* Main.storyboard */; };
		F1D681C22AB1AB5100AE97BB /* Assets.xcassets in Resources */ = {isa = PBXBuildFile; fileRef = F1D681C12AB1AB5100AE97BB /* Assets.xcassets */; };
		F1D681C52AB1AB5100AE97BB /* LaunchScreen.storyboard in Resources */ = {isa = PBXBuildFile; fileRef = F1D681C32AB1AB5100AE97BB /* LaunchScreen.storyboard */; };
		F1D681D02AB1ABBB00AE97BB /* Logics.swift in Sources */ = {isa = PBXBuildFile; fileRef = F1D681CF2AB1ABBB00AE97BB /* Logics.swift */; };
		F1D681D22AB1AC2F00AE97BB /* Inter-VariableFont_slnt,wght.ttf in Resources */ = {isa = PBXBuildFile; fileRef = F1D681D12AB1AC2F00AE97BB /* Inter-VariableFont_slnt,wght.ttf */; };
		F1D681D42AB1AC5300AE97BB /* Lato-Regular.ttf in Resources */ = {isa = PBXBuildFile; fileRef = F1D681D32AB1AC5300AE97BB /* Lato-Regular.ttf */; };
		F1D681D62AB1AC5F00AE97BB /* Lato-Bold.ttf in Resources */ = {isa = PBXBuildFile; fileRef = F1D681D52AB1AC5F00AE97BB /* Lato-Bold.ttf */; };
		F1D681D82AB1B0CE00AE97BB /* Consumer.swift in Sources */ = {isa = PBXBuildFile; fileRef = F1D681D72AB1B0CE00AE97BB /* Consumer.swift */; };
		F1D681DA2AB1B0EA00AE97BB /* Second.swift in Sources */ = {isa = PBXBuildFile; fileRef = F1D681D92AB1B0EA00AE97BB /* Second.swift */; };
		F1D681DC2AB1B0FE00AE97BB /* Third.swift in Sources */ = {isa = PBXBuildFile; fileRef = F1D681DB2AB1B0FE00AE97BB /* Third.swift */; };
/* End PBXBuildFile section */

/* Begin PBXFileReference section */
		F1D681B52AB1AB4E00AE97BB /* Navigation.app */ = {isa = PBXFileReference; explicitFileType = wrapper.application; includeInIndex = 0; path = Navigation.app; sourceTree = BUILT_PRODUCTS_DIR; };
		F1D681B82AB1AB4E00AE97BB /* AppDelegate.swift */ = {isa = PBXFileReference; lastKnownFileType = sourcecode.swift; path = AppDelegate.swift; sourceTree = "<group>"; };
		F1D681BA2AB1AB4E00AE97BB /* SceneDelegate.swift */ = {isa = PBXFileReference; lastKnownFileType = sourcecode.swift; path = SceneDelegate.swift; sourceTree = "<group>"; };
		F1D681BC2AB1AB4E00AE97BB /* ViewController.swift */ = {isa = PBXFileReference; lastKnownFileType = sourcecode.swift; path = ViewController.swift; sourceTree = "<group>"; };
		F1D681BF2AB1AB4E00AE97BB /* Base */ = {isa = PBXFileReference; lastKnownFileType = file.storyboard; name = Base; path = Base.lproj/Main.storyboard; sourceTree = "<group>"; };
		F1D681C12AB1AB5100AE97BB /* Assets.xcassets */ = {isa = PBXFileReference; lastKnownFileType = folder.assetcatalog; path = Assets.xcassets; sourceTree = "<group>"; };
		F1D681C42AB1AB5100AE97BB /* Base */ = {isa = PBXFileReference; lastKnownFileType = file.storyboard; name = Base; path = Base.lproj/LaunchScreen.storyboard; sourceTree = "<group>"; };
		F1D681C62AB1AB5100AE97BB /* Info.plist */ = {isa = PBXFileReference; lastKnownFileType = text.plist.xml; path = Info.plist; sourceTree = "<group>"; };
		F1D681CF2AB1ABBB00AE97BB /* Logics.swift */ = {isa = PBXFileReference; lastKnownFileType = sourcecode.swift; path = Logics.swift; sourceTree = "<group>"; };
		F1D681D12AB1AC2F00AE97BB /* Inter-VariableFont_slnt,wght.ttf */ = {isa = PBXFileReference; lastKnownFileType = file; name = "Inter-VariableFont_slnt,wght.ttf"; path = "../Inter/Inter-VariableFont_slnt,wght.ttf"; sourceTree = "<group>"; };
		F1D681D32AB1AC5300AE97BB /* Lato-Regular.ttf */ = {isa = PBXFileReference; lastKnownFileType = file; name = "Lato-Regular.ttf"; path = "../Lato/Lato-Regular.ttf"; sourceTree = "<group>"; };
		F1D681D52AB1AC5F00AE97BB /* Lato-Bold.ttf */ = {isa = PBXFileReference; lastKnownFileType = file; name = "Lato-Bold.ttf"; path = "../Lato/Lato-Bold.ttf"; sourceTree = "<group>"; };
		F1D681D72AB1B0CE00AE97BB /* Consumer.swift */ = {isa = PBXFileReference; lastKnownFileType = sourcecode.swift; path = Consumer.swift; sourceTree = "<group>"; };
		F1D681D92AB1B0EA00AE97BB /* Second.swift */ = {isa = PBXFileReference; lastKnownFileType = sourcecode.swift; path = Second.swift; sourceTree = "<group>"; };
		F1D681DB2AB1B0FE00AE97BB /* Third.swift */ = {isa = PBXFileReference; lastKnownFileType = sourcecode.swift; path = Third.swift; sourceTree = "<group>"; };
/* End PBXFileReference section */

/* Begin PBXFrameworksBuildPhase section */
		F1D681B22AB1AB4E00AE97BB /* Frameworks */ = {
			isa = PBXFrameworksBuildPhase;
			buildActionMask = 2147483647;
			files = (
			);
			runOnlyForDeploymentPostprocessing = 0;
		};
/* End PBXFrameworksBuildPhase section */

/* Begin PBXGroup section */
		F1D681AC2AB1AB4E00AE97BB = {
			isa = PBXGroup;
			children = (
				F1D681D12AB1AC2F00AE97BB /* Inter-VariableFont_slnt,wght.ttf */,
				F1D681D52AB1AC5F00AE97BB /* Lato-Bold.ttf */,
				F1D681D32AB1AC5300AE97BB /* Lato-Regular.ttf */,
				F1D681B72AB1AB4E00AE97BB /* Navigation */,
				F1D681B62AB1AB4E00AE97BB /* Products */,
			);
			sourceTree = "<group>";
		};
		F1D681B62AB1AB4E00AE97BB /* Products */ = {
			isa = PBXGroup;
			children = (
				F1D681B52AB1AB4E00AE97BB /* Navigation.app */,
			);
			name = Products;
			sourceTree = "<group>";
		};
		F1D681B72AB1AB4E00AE97BB /* Navigation */ = {
			isa = PBXGroup;
			children = (
				F1D681CE2AB1AB9D00AE97BB /* View model */,
				F1D681CD2AB1AB9500AE97BB /* View */,
				F1D681CC2AB1AB8D00AE97BB /* Model */,
				F1D681B82AB1AB4E00AE97BB /* AppDelegate.swift */,
				F1D681BA2AB1AB4E00AE97BB /* SceneDelegate.swift */,
				F1D681BE2AB1AB4E00AE97BB /* Main.storyboard */,
				F1D681C12AB1AB5100AE97BB /* Assets.xcassets */,
				F1D681C32AB1AB5100AE97BB /* LaunchScreen.storyboard */,
				F1D681C62AB1AB5100AE97BB /* Info.plist */,
			);
			path = Navigation;
			sourceTree = "<group>";
		};
		F1D681CC2AB1AB8D00AE97BB /* Model */ = {
			isa = PBXGroup;
			children = (
				F1D681D72AB1B0CE00AE97BB /* Consumer.swift */,
			);
			path = Model;
			sourceTree = "<group>";
		};
		F1D681CD2AB1AB9500AE97BB /* View */ = {
			isa = PBXGroup;
			children = (
				F1D681D92AB1B0EA00AE97BB /* Second.swift */,
				F1D681BC2AB1AB4E00AE97BB /* ViewController.swift */,
				F1D681DB2AB1B0FE00AE97BB /* Third.swift */,
			);
			path = View;
			sourceTree = "<group>";
		};
		F1D681CE2AB1AB9D00AE97BB /* View model */ = {
			isa = PBXGroup;
			children = (
				F1D681CF2AB1ABBB00AE97BB /* Logics.swift */,
			);
			path = "View model";
			sourceTree = "<group>";
		};
/* End PBXGroup section */

/* Begin PBXNativeTarget section */
		F1D681B42AB1AB4E00AE97BB /* Navigation */ = {
			isa = PBXNativeTarget;
			buildConfigurationList = F1D681C92AB1AB5100AE97BB /* Build configuration list for PBXNativeTarget "Navigation" */;
			buildPhases = (
				F1D681B12AB1AB4E00AE97BB /* Sources */,
				F1D681B22AB1AB4E00AE97BB /* Frameworks */,
				F1D681B32AB1AB4E00AE97BB /* Resources */,
			);
			buildRules = (
			);
			dependencies = (
			);
			name = Navigation;
			productName = Navigation;
			productReference = F1D681B52AB1AB4E00AE97BB /* Navigation.app */;
			productType = "com.apple.product-type.application";
		};
/* End PBXNativeTarget section */

/* Begin PBXProject section */
		F1D681AD2AB1AB4E00AE97BB /* Project object */ = {
			isa = PBXProject;
			attributes = {
				BuildIndependentTargetsInParallel = 1;
				LastSwiftUpdateCheck = 1420;
				LastUpgradeCheck = 1420;
				TargetAttributes = {
					F1D681B42AB1AB4E00AE97BB = {
						CreatedOnToolsVersion = 14.2;
					};
				};
			};
			buildConfigurationList = F1D681B02AB1AB4E00AE97BB /* Build configuration list for PBXProject "Navigation" */;
			compatibilityVersion = "Xcode 14.0";
			developmentRegion = en;
			hasScannedForEncodings = 0;
			knownRegions = (
				en,
				Base,
			);
			mainGroup = F1D681AC2AB1AB4E00AE97BB;
			productRefGroup = F1D681B62AB1AB4E00AE97BB /* Products */;
			projectDirPath = "";
			projectRoot = "";
			targets = (
				F1D681B42AB1AB4E00AE97BB /* Navigation */,
			);
		};
/* End PBXProject section */

/* Begin PBXResourcesBuildPhase section */
		F1D681B32AB1AB4E00AE97BB /* Resources */ = {
			isa = PBXResourcesBuildPhase;
			buildActionMask = 2147483647;
			files = (
				F1D681D22AB1AC2F00AE97BB /* Inter-VariableFont_slnt,wght.ttf in Resources */,
				F1D681D62AB1AC5F00AE97BB /* Lato-Bold.ttf in Resources */,
				F1D681C52AB1AB5100AE97BB /* LaunchScreen.storyboard in Resources */,
				F1D681D42AB1AC5300AE97BB /* Lato-Regular.ttf in Resources */,
				F1D681C22AB1AB5100AE97BB /* Assets.xcassets in Resources */,
				F1D681C02AB1AB4E00AE97BB /* Main.storyboard in Resources */,
			);
			runOnlyForDeploymentPostprocessing = 0;
		};
/* End PBXResourcesBuildPhase section */

/* Begin PBXSourcesBuildPhase section */
		F1D681B12AB1AB4E00AE97BB /* Sources */ = {
			isa = PBXSourcesBuildPhase;
			buildActionMask = 2147483647;
			files = (
				F1D681D82AB1B0CE00AE97BB /* Consumer.swift in Sources */,
				F1D681D02AB1ABBB00AE97BB /* Logics.swift in Sources */,
				F1D681BD2AB1AB4E00AE97BB /* ViewController.swift in Sources */,
				F1D681DC2AB1B0FE00AE97BB /* Third.swift in Sources */,
				F1D681B92AB1AB4E00AE97BB /* AppDelegate.swift in Sources */,
				F1D681BB2AB1AB4E00AE97BB /* SceneDelegate.swift in Sources */,
				F1D681DA2AB1B0EA00AE97BB /* Second.swift in Sources */,
			);
			runOnlyForDeploymentPostprocessing = 0;
		};
/* End PBXSourcesBuildPhase section */

/* Begin PBXVariantGroup section */
		F1D681BE2AB1AB4E00AE97BB /* Main.storyboard */ = {
			isa = PBXVariantGroup;
			children = (
				F1D681BF2AB1AB4E00AE97BB /* Base */,
			);
			name = Main.storyboard;
			sourceTree = "<group>";
		};
		F1D681C32AB1AB5100AE97BB /* LaunchScreen.storyboard */ = {
			isa = PBXVariantGroup;
			children = (
				F1D681C42AB1AB5100AE97BB /* Base */,
			);
			name = LaunchScreen.storyboard;
			sourceTree = "<group>";
		};
/* End PBXVariantGroup section */

/* Begin XCBuildConfiguration section */
		F1D681C72AB1AB5100AE97BB /* Debug */ = {
			isa = XCBuildConfiguration;
			buildSettings = {
				ALWAYS_SEARCH_USER_PATHS = NO;
				CLANG_ANALYZER_NONNULL = YES;
				CLANG_ANALYZER_NUMBER_OBJECT_CONVERSION = YES_AGGRESSIVE;
				CLANG_CXX_LANGUAGE_STANDARD = "gnu++20";
				CLANG_ENABLE_MODULES = YES;
				CLANG_ENABLE_OBJC_ARC = YES;
				CLANG_ENABLE_OBJC_WEAK = YES;
				CLANG_WARN_BLOCK_CAPTURE_AUTORELEASING = YES;
				CLANG_WARN_BOOL_CONVERSION = YES;
				CLANG_WARN_COMMA = YES;
				CLANG_WARN_CONSTANT_CONVERSION = YES;
				CLANG_WARN_DEPRECATED_OBJC_IMPLEMENTATIONS = YES;
				CLANG_WARN_DIRECT_OBJC_ISA_USAGE = YES_ERROR;
				CLANG_WARN_DOCUMENTATION_COMMENTS = YES;
				CLANG_WARN_EMPTY_BODY = YES;
				CLANG_WARN_ENUM_CONVERSION = YES;
				CLANG_WARN_INFINITE_RECURSION = YES;
				CLANG_WARN_INT_CONVERSION = YES;
				CLANG_WARN_NON_LITERAL_NULL_CONVERSION = YES;
				CLANG_WARN_OBJC_IMPLICIT_RETAIN_SELF = YES;
				CLANG_WARN_OBJC_LITERAL_CONVERSION = YES;
				CLANG_WARN_OBJC_ROOT_CLASS = YES_ERROR;
				CLANG_WARN_QUOTED_INCLUDE_IN_FRAMEWORK_HEADER = YES;
				CLANG_WARN_RANGE_LOOP_ANALYSIS = YES;
				CLANG_WARN_STRICT_PROTOTYPES = YES;
				CLANG_WARN_SUSPICIOUS_MOVE = YES;
				CLANG_WARN_UNGUARDED_AVAILABILITY = YES_AGGRESSIVE;
				CLANG_WARN_UNREACHABLE_CODE = YES;
				CLANG_WARN__DUPLICATE_METHOD_MATCH = YES;
				COPY_PHASE_STRIP = NO;
				DEBUG_INFORMATION_FORMAT = dwarf;
				ENABLE_STRICT_OBJC_MSGSEND = YES;
				ENABLE_TESTABILITY = YES;
				GCC_C_LANGUAGE_STANDARD = gnu11;
				GCC_DYNAMIC_NO_PIC = NO;
				GCC_NO_COMMON_BLOCKS = YES;
				GCC_OPTIMIZATION_LEVEL = 0;
				GCC_PREPROCESSOR_DEFINITIONS = (
					"DEBUG=1",
					"$(inherited)",
				);
				GCC_WARN_64_TO_32_BIT_CONVERSION = YES;
				GCC_WARN_ABOUT_RETURN_TYPE = YES_ERROR;
				GCC_WARN_UNDECLARED_SELECTOR = YES;
				GCC_WARN_UNINITIALIZED_AUTOS = YES_AGGRESSIVE;
				GCC_WARN_UNUSED_FUNCTION = YES;
				GCC_WARN_UNUSED_VARIABLE = YES;
				IPHONEOS_DEPLOYMENT_TARGET = 16.2;
				MTL_ENABLE_DEBUG_INFO = INCLUDE_SOURCE;
				MTL_FAST_MATH = YES;
				ONLY_ACTIVE_ARCH = YES;
				SDKROOT = iphoneos;
				SWIFT_ACTIVE_COMPILATION_CONDITIONS = DEBUG;
				SWIFT_OPTIMIZATION_LEVEL = "-Onone";
			};
			name = Debug;
		};
		F1D681C82AB1AB5100AE97BB /* Release */ = {
			isa = XCBuildConfiguration;
			buildSettings = {
				ALWAYS_SEARCH_USER_PATHS = NO;
				CLANG_ANALYZER_NONNULL = YES;
				CLANG_ANALYZER_NUMBER_OBJECT_CONVERSION = YES_AGGRESSIVE;
				CLANG_CXX_LANGUAGE_STANDARD = "gnu++20";
				CLANG_ENABLE_MODULES = YES;
				CLANG_ENABLE_OBJC_ARC = YES;
				CLANG_ENABLE_OBJC_WEAK = YES;
				CLANG_WARN_BLOCK_CAPTURE_AUTORELEASING = YES;
				CLANG_WARN_BOOL_CONVERSION = YES;
				CLANG_WARN_COMMA = YES;
				CLANG_WARN_CONSTANT_CONVERSION = YES;
				CLANG_WARN_DEPRECATED_OBJC_IMPLEMENTATIONS = YES;
				CLANG_WARN_DIRECT_OBJC_ISA_USAGE = YES_ERROR;
				CLANG_WARN_DOCUMENTATION_COMMENTS = YES;
				CLANG_WARN_EMPTY_BODY = YES;
				CLANG_WARN_ENUM_CONVERSION = YES;
				CLANG_WARN_INFINITE_RECURSION = YES;
				CLANG_WARN_INT_CONVERSION = YES;
				CLANG_WARN_NON_LITERAL_NULL_CONVERSION = YES;
				CLANG_WARN_OBJC_IMPLICIT_RETAIN_SELF = YES;
				CLANG_WARN_OBJC_LITERAL_CONVERSION = YES;
				CLANG_WARN_OBJC_ROOT_CLASS = YES_ERROR;
				CLANG_WARN_QUOTED_INCLUDE_IN_FRAMEWORK_HEADER = YES;
				CLANG_WARN_RANGE_LOOP_ANALYSIS = YES;
				CLANG_WARN_STRICT_PROTOTYPES = YES;
				CLANG_WARN_SUSPICIOUS_MOVE = YES;
				CLANG_WARN_UNGUARDED_AVAILABILITY = YES_AGGRESSIVE;
				CLANG_WARN_UNREACHABLE_CODE = YES;
				CLANG_WARN__DUPLICATE_METHOD_MATCH = YES;
				COPY_PHASE_STRIP = NO;
				DEBUG_INFORMATION_FORMAT = "dwarf-with-dsym";
				ENABLE_NS_ASSERTIONS = NO;
				ENABLE_STRICT_OBJC_MSGSEND = YES;
				GCC_C_LANGUAGE_STANDARD = gnu11;
				GCC_NO_COMMON_BLOCKS = YES;
				GCC_WARN_64_TO_32_BIT_CONVERSION = YES;
				GCC_WARN_ABOUT_RETURN_TYPE = YES_ERROR;
				GCC_WARN_UNDECLARED_SELECTOR = YES;
				GCC_WARN_UNINITIALIZED_AUTOS = YES_AGGRESSIVE;
				GCC_WARN_UNUSED_FUNCTION = YES;
				GCC_WARN_UNUSED_VARIABLE = YES;
				IPHONEOS_DEPLOYMENT_TARGET = 16.2;
				MTL_ENABLE_DEBUG_INFO = NO;
				MTL_FAST_MATH = YES;
				SDKROOT = iphoneos;
				SWIFT_COMPILATION_MODE = wholemodule;
				SWIFT_OPTIMIZATION_LEVEL = "-O";
				VALIDATE_PRODUCT = YES;
			};
			name = Release;
		};
		F1D681CA2AB1AB5100AE97BB /* Debug */ = {
			isa = XCBuildConfiguration;
			buildSettings = {
				ASSETCATALOG_COMPILER_APPICON_NAME = AppIcon;
				ASSETCATALOG_COMPILER_GLOBAL_ACCENT_COLOR_NAME = AccentColor;
				CODE_SIGN_STYLE = Automatic;
				CURRENT_PROJECT_VERSION = 1;
				GENERATE_INFOPLIST_FILE = YES;
				INFOPLIST_FILE = Navigation/Info.plist;
				INFOPLIST_KEY_UIApplicationSupportsIndirectInputEvents = YES;
				INFOPLIST_KEY_UILaunchStoryboardName = LaunchScreen;
				INFOPLIST_KEY_UIMainStoryboardFile = Main;
				INFOPLIST_KEY_UISupportedInterfaceOrientations_iPad = "UIInterfaceOrientationPortrait UIInterfaceOrientationPortraitUpsideDown UIInterfaceOrientationLandscapeLeft UIInterfaceOrientationLandscapeRight";
				INFOPLIST_KEY_UISupportedInterfaceOrientations_iPhone = "UIInterfaceOrientationPortrait UIInterfaceOrientationLandscapeLeft UIInterfaceOrientationLandscapeRight";
				LD_RUNPATH_SEARCH_PATHS = (
					"$(inherited)",
					"@executable_path/Frameworks",
				);
				MARKETING_VERSION = 1.0;
				PRODUCT_BUNDLE_IDENTIFIER = "com.mallow-tech.Navigation";
				PRODUCT_NAME = "$(TARGET_NAME)";
				SWIFT_EMIT_LOC_STRINGS = YES;
				SWIFT_VERSION = 5.0;
				TARGETED_DEVICE_FAMILY = "1,2";
			};
			name = Debug;
		};
		F1D681CB2AB1AB5100AE97BB /* Release */ = {
			isa = XCBuildConfiguration;
			buildSettings = {
				ASSETCATALOG_COMPILER_APPICON_NAME = AppIcon;
				ASSETCATALOG_COMPILER_GLOBAL_ACCENT_COLOR_NAME = AccentColor;
				CODE_SIGN_STYLE = Automatic;
				CURRENT_PROJECT_VERSION = 1;
				GENERATE_INFOPLIST_FILE = YES;
				INFOPLIST_FILE = Navigation/Info.plist;
				INFOPLIST_KEY_UIApplicationSupportsIndirectInputEvents = YES;
				INFOPLIST_KEY_UILaunchStoryboardName = LaunchScreen;
				INFOPLIST_KEY_UIMainStoryboardFile = Main;
				INFOPLIST_KEY_UISupportedInterfaceOrientations_iPad = "UIInterfaceOrientationPortrait UIInterfaceOrientationPortraitUpsideDown UIInterfaceOrientationLandscapeLeft UIInterfaceOrientationLandscapeRight";
				INFOPLIST_KEY_UISupportedInterfaceOrientations_iPhone = "UIInterfaceOrientationPortrait UIInterfaceOrientationLandscapeLeft UIInterfaceOrientationLandscapeRight";
				LD_RUNPATH_SEARCH_PATHS = (
					"$(inherited)",
					"@executable_path/Frameworks",
				);
				MARKETING_VERSION = 1.0;
				PRODUCT_BUNDLE_IDENTIFIER = "com.mallow-tech.Navigation";
				PRODUCT_NAME = "$(TARGET_NAME)";
				SWIFT_EMIT_LOC_STRINGS = YES;
				SWIFT_VERSION = 5.0;
				TARGETED_DEVICE_FAMILY = "1,2";
			};
			name = Release;
		};
/* End XCBuildConfiguration section */

/* Begin XCConfigurationList section */
		F1D681B02AB1AB4E00AE97BB /* Build configuration list for PBXProject "Navigation" */ = {
			isa = XCConfigurationList;
			buildConfigurations = (
				F1D681C72AB1AB5100AE97BB /* Debug */,
				F1D681C82AB1AB5100AE97BB /* Release */,
			);
			defaultConfigurationIsVisible = 0;
			defaultConfigurationName = Release;
		};
		F1D681C92AB1AB5100AE97BB /* Build configuration list for PBXNativeTarget "Navigation" */ = {
			isa = XCConfigurationList;
			buildConfigurations = (
				F1D681CA2AB1AB5100AE97BB /* Debug */,
				F1D681CB2AB1AB5100AE97BB /* Release */,
			);
			defaultConfigurationIsVisible = 0;
			defaultConfigurationName = Release;
		};
/* End XCConfigurationList section */
	};
	rootObject = F1D681AD2AB1AB4E00AE97BB /* Project object */;
}
