// !$*UTF8*$!
{
	archiveVersion = 1;
	classes = {
	};
	objectVersion = 56;
	objects = {

/* Begin PBXBuildFile section */
		F101470A2ABAA617004F1BCB /* AppDelegate.swift in Sources */ = {isa = PBXBuildFile; fileRef = F10147092ABAA617004F1BCB /* AppDelegate.swift */; };
		F101470C2ABAA617004F1BCB /* SceneDelegate.swift in Sources */ = {isa = PBXBuildFile; fileRef = F101470B2ABAA617004F1BCB /* SceneDelegate.swift */; };
		F101470E2ABAA617004F1BCB /* ListScreen.swift in Sources */ = {isa = PBXBuildFile; fileRef = F101470D2ABAA617004F1BCB /* ListScreen.swift */; };
		F10147112ABAA617004F1BCB /* Main.storyboard in Resources */ = {isa = PBXBuildFile; fileRef = F101470F2ABAA617004F1BCB /* Main.storyboard */; };
		F10147132ABAA61B004F1BCB /* Assets.xcassets in Resources */ = {isa = PBXBuildFile; fileRef = F10147122ABAA61B004F1BCB /* Assets.xcassets */; };
		F10147162ABAA61B004F1BCB /* LaunchScreen.storyboard in Resources */ = {isa = PBXBuildFile; fileRef = F10147142ABAA61B004F1BCB /* LaunchScreen.storyboard */; };
		F10147212ABAB257004F1BCB /* AddJobScreen.swift in Sources */ = {isa = PBXBuildFile; fileRef = F10147202ABAB257004F1BCB /* AddJobScreen.swift */; };
		F10147242ABAB5E9004F1BCB /* Lato-Regular.ttf in Resources */ = {isa = PBXBuildFile; fileRef = F10147232ABAB5E8004F1BCB /* Lato-Regular.ttf */; };
		F10147292ABAB602004F1BCB /* Lato-Light.ttf in Resources */ = {isa = PBXBuildFile; fileRef = F10147252ABAB601004F1BCB /* Lato-Light.ttf */; };
		F101472A2ABAB602004F1BCB /* Lato-Bold.ttf in Resources */ = {isa = PBXBuildFile; fileRef = F10147262ABAB601004F1BCB /* Lato-Bold.ttf */; };
		F101472B2ABAB602004F1BCB /* Lato-Black.ttf in Resources */ = {isa = PBXBuildFile; fileRef = F10147272ABAB601004F1BCB /* Lato-Black.ttf */; };
		F101472C2ABAB602004F1BCB /* Lato-Thin.ttf in Resources */ = {isa = PBXBuildFile; fileRef = F10147282ABAB602004F1BCB /* Lato-Thin.ttf */; };
		F101472E2ABABB14004F1BCB /* Verification.swift in Sources */ = {isa = PBXBuildFile; fileRef = F101472D2ABABB14004F1BCB /* Verification.swift */; };
		F10147312ABAC1BD004F1BCB /* Cell.swift in Sources */ = {isa = PBXBuildFile; fileRef = F101472F2ABAC1BD004F1BCB /* Cell.swift */; };
		F10147322ABAC1BD004F1BCB /* Cell.xib in Resources */ = {isa = PBXBuildFile; fileRef = F10147302ABAC1BD004F1BCB /* Cell.xib */; };
		F10147342ABADC3C004F1BCB /* DataModel.swift in Sources */ = {isa = PBXBuildFile; fileRef = F10147332ABADC3C004F1BCB /* DataModel.swift */; };
/* End PBXBuildFile section */

/* Begin PBXFileReference section */
		F10147062ABAA617004F1BCB /* Week 4 test.app */ = {isa = PBXFileReference; explicitFileType = wrapper.application; includeInIndex = 0; path = "Week 4 test.app"; sourceTree = BUILT_PRODUCTS_DIR; };
		F10147092ABAA617004F1BCB /* AppDelegate.swift */ = {isa = PBXFileReference; lastKnownFileType = sourcecode.swift; path = AppDelegate.swift; sourceTree = "<group>"; };
		F101470B2ABAA617004F1BCB /* SceneDelegate.swift */ = {isa = PBXFileReference; lastKnownFileType = sourcecode.swift; path = SceneDelegate.swift; sourceTree = "<group>"; };
		F101470D2ABAA617004F1BCB /* ListScreen.swift */ = {isa = PBXFileReference; lastKnownFileType = sourcecode.swift; path = ListScreen.swift; sourceTree = "<group>"; };
		F10147102ABAA617004F1BCB /* Base */ = {isa = PBXFileReference; lastKnownFileType = file.storyboard; name = Base; path = Base.lproj/Main.storyboard; sourceTree = "<group>"; };
		F10147122ABAA61B004F1BCB /* Assets.xcassets */ = {isa = PBXFileReference; lastKnownFileType = folder.assetcatalog; path = Assets.xcassets; sourceTree = "<group>"; };
		F10147152ABAA61B004F1BCB /* Base */ = {isa = PBXFileReference; lastKnownFileType = file.storyboard; name = Base; path = Base.lproj/LaunchScreen.storyboard; sourceTree = "<group>"; };
		F10147172ABAA61B004F1BCB /* Info.plist */ = {isa = PBXFileReference; lastKnownFileType = text.plist.xml; path = Info.plist; sourceTree = "<group>"; };
		F10147202ABAB257004F1BCB /* AddJobScreen.swift */ = {isa = PBXFileReference; lastKnownFileType = sourcecode.swift; path = AddJobScreen.swift; sourceTree = "<group>"; };
		F10147232ABAB5E8004F1BCB /* Lato-Regular.ttf */ = {isa = PBXFileReference; lastKnownFileType = file; name = "Lato-Regular.ttf"; path = "Assets/Lato/Lato-Regular.ttf"; sourceTree = "<group>"; };
		F10147252ABAB601004F1BCB /* Lato-Light.ttf */ = {isa = PBXFileReference; lastKnownFileType = file; name = "Lato-Light.ttf"; path = "Assets/Lato/Lato-Light.ttf"; sourceTree = "<group>"; };
		F10147262ABAB601004F1BCB /* Lato-Bold.ttf */ = {isa = PBXFileReference; lastKnownFileType = file; name = "Lato-Bold.ttf"; path = "Assets/Lato/Lato-Bold.ttf"; sourceTree = "<group>"; };
		F10147272ABAB601004F1BCB /* Lato-Black.ttf */ = {isa = PBXFileReference; lastKnownFileType = file; name = "Lato-Black.ttf"; path = "Assets/Lato/Lato-Black.ttf"; sourceTree = "<group>"; };
		F10147282ABAB602004F1BCB /* Lato-Thin.ttf */ = {isa = PBXFileReference; lastKnownFileType = file; name = "Lato-Thin.ttf"; path = "Assets/Lato/Lato-Thin.ttf"; sourceTree = "<group>"; };
		F101472D2ABABB14004F1BCB /* Verification.swift */ = {isa = PBXFileReference; lastKnownFileType = sourcecode.swift; path = Verification.swift; sourceTree = "<group>"; };
		F101472F2ABAC1BD004F1BCB /* Cell.swift */ = {isa = PBXFileReference; lastKnownFileType = sourcecode.swift; path = Cell.swift; sourceTree = "<group>"; };
		F10147302ABAC1BD004F1BCB /* Cell.xib */ = {isa = PBXFileReference; lastKnownFileType = file.xib; path = Cell.xib; sourceTree = "<group>"; };
		F10147332ABADC3C004F1BCB /* DataModel.swift */ = {isa = PBXFileReference; lastKnownFileType = sourcecode.swift; path = DataModel.swift; sourceTree = "<group>"; };
/* End PBXFileReference section */

/* Begin PBXFrameworksBuildPhase section */
		F10147032ABAA617004F1BCB /* Frameworks */ = {
			isa = PBXFrameworksBuildPhase;
			buildActionMask = 2147483647;
			files = (
			);
			runOnlyForDeploymentPostprocessing = 0;
		};
/* End PBXFrameworksBuildPhase section */

/* Begin PBXGroup section */
		F10146FD2ABAA617004F1BCB = {
			isa = PBXGroup;
			children = (
				F10147232ABAB5E8004F1BCB /* Lato-Regular.ttf */,
				F10147272ABAB601004F1BCB /* Lato-Black.ttf */,
				F10147262ABAB601004F1BCB /* Lato-Bold.ttf */,
				F10147252ABAB601004F1BCB /* Lato-Light.ttf */,
				F10147282ABAB602004F1BCB /* Lato-Thin.ttf */,
				F10147082ABAA617004F1BCB /* Week 4 test */,
				F10147072ABAA617004F1BCB /* Products */,
			);
			sourceTree = "<group>";
		};
		F10147072ABAA617004F1BCB /* Products */ = {
			isa = PBXGroup;
			children = (
				F10147062ABAA617004F1BCB /* Week 4 test.app */,
			);
			name = Products;
			sourceTree = "<group>";
		};
		F10147082ABAA617004F1BCB /* Week 4 test */ = {
			isa = PBXGroup;
			children = (
				F10147222ABAB43F004F1BCB /* Cells */,
				F101471F2ABAA63F004F1BCB /* View-Model */,
				F101471E2ABAA638004F1BCB /* Views */,
				F101471D2ABAA630004F1BCB /* Model */,
				F10147092ABAA617004F1BCB /* AppDelegate.swift */,
				F101470B2ABAA617004F1BCB /* SceneDelegate.swift */,
				F101470F2ABAA617004F1BCB /* Main.storyboard */,
				F10147122ABAA61B004F1BCB /* Assets.xcassets */,
				F10147142ABAA61B004F1BCB /* LaunchScreen.storyboard */,
				F10147172ABAA61B004F1BCB /* Info.plist */,
			);
			path = "Week 4 test";
			sourceTree = "<group>";
		};
		F101471D2ABAA630004F1BCB /* Model */ = {
			isa = PBXGroup;
			children = (
			);
			path = Model;
			sourceTree = "<group>";
		};
		F101471E2ABAA638004F1BCB /* Views */ = {
			isa = PBXGroup;
			children = (
				F101470D2ABAA617004F1BCB /* ListScreen.swift */,
				F10147202ABAB257004F1BCB /* AddJobScreen.swift */,
			);
			path = Views;
			sourceTree = "<group>";
		};
		F101471F2ABAA63F004F1BCB /* View-Model */ = {
			isa = PBXGroup;
			children = (
				F101472D2ABABB14004F1BCB /* Verification.swift */,
				F10147332ABADC3C004F1BCB /* DataModel.swift */,
			);
			path = "View-Model";
			sourceTree = "<group>";
		};
		F10147222ABAB43F004F1BCB /* Cells */ = {
			isa = PBXGroup;
			children = (
				F101472F2ABAC1BD004F1BCB /* Cell.swift */,
				F10147302ABAC1BD004F1BCB /* Cell.xib */,
			);
			name = Cells;
			path = "New Group";
			sourceTree = "<group>";
		};
/* End PBXGroup section */

/* Begin PBXNativeTarget section */
		F10147052ABAA617004F1BCB /* Week 4 test */ = {
			isa = PBXNativeTarget;
			buildConfigurationList = F101471A2ABAA61B004F1BCB /* Build configuration list for PBXNativeTarget "Week 4 test" */;
			buildPhases = (
				F10147022ABAA617004F1BCB /* Sources */,
				F10147032ABAA617004F1BCB /* Frameworks */,
				F10147042ABAA617004F1BCB /* Resources */,
			);
			buildRules = (
			);
			dependencies = (
			);
			name = "Week 4 test";
			productName = "Week 4 test";
			productReference = F10147062ABAA617004F1BCB /* Week 4 test.app */;
			productType = "com.apple.product-type.application";
		};
/* End PBXNativeTarget section */

/* Begin PBXProject section */
		F10146FE2ABAA617004F1BCB /* Project object */ = {
			isa = PBXProject;
			attributes = {
				BuildIndependentTargetsInParallel = 1;
				LastSwiftUpdateCheck = 1420;
				LastUpgradeCheck = 1420;
				TargetAttributes = {
					F10147052ABAA617004F1BCB = {
						CreatedOnToolsVersion = 14.2;
					};
				};
			};
			buildConfigurationList = F10147012ABAA617004F1BCB /* Build configuration list for PBXProject "Week 4 test" */;
			compatibilityVersion = "Xcode 14.0";
			developmentRegion = en;
			hasScannedForEncodings = 0;
			knownRegions = (
				en,
				Base,
			);
			mainGroup = F10146FD2ABAA617004F1BCB;
			productRefGroup = F10147072ABAA617004F1BCB /* Products */;
			projectDirPath = "";
			projectRoot = "";
			targets = (
				F10147052ABAA617004F1BCB /* Week 4 test */,
			);
		};
/* End PBXProject section */

/* Begin PBXResourcesBuildPhase section */
		F10147042ABAA617004F1BCB /* Resources */ = {
			isa = PBXResourcesBuildPhase;
			buildActionMask = 2147483647;
			files = (
				F101472B2ABAB602004F1BCB /* Lato-Black.ttf in Resources */,
				F101472C2ABAB602004F1BCB /* Lato-Thin.ttf in Resources */,
				F10147292ABAB602004F1BCB /* Lato-Light.ttf in Resources */,
				F101472A2ABAB602004F1BCB /* Lato-Bold.ttf in Resources */,
				F10147322ABAC1BD004F1BCB /* Cell.xib in Resources */,
				F10147162ABAA61B004F1BCB /* LaunchScreen.storyboard in Resources */,
				F10147132ABAA61B004F1BCB /* Assets.xcassets in Resources */,
				F10147112ABAA617004F1BCB /* Main.storyboard in Resources */,
				F10147242ABAB5E9004F1BCB /* Lato-Regular.ttf in Resources */,
			);
			runOnlyForDeploymentPostprocessing = 0;
		};
/* End PBXResourcesBuildPhase section */

/* Begin PBXSourcesBuildPhase section */
		F10147022ABAA617004F1BCB /* Sources */ = {
			isa = PBXSourcesBuildPhase;
			buildActionMask = 2147483647;
			files = (
				F10147342ABADC3C004F1BCB /* DataModel.swift in Sources */,
				F101472E2ABABB14004F1BCB /* Verification.swift in Sources */,
				F101470E2ABAA617004F1BCB /* ListScreen.swift in Sources */,
				F10147212ABAB257004F1BCB /* AddJobScreen.swift in Sources */,
				F101470A2ABAA617004F1BCB /* AppDelegate.swift in Sources */,
				F101470C2ABAA617004F1BCB /* SceneDelegate.swift in Sources */,
				F10147312ABAC1BD004F1BCB /* Cell.swift in Sources */,
			);
			runOnlyForDeploymentPostprocessing = 0;
		};
/* End PBXSourcesBuildPhase section */

/* Begin PBXVariantGroup section */
		F101470F2ABAA617004F1BCB /* Main.storyboard */ = {
			isa = PBXVariantGroup;
			children = (
				F10147102ABAA617004F1BCB /* Base */,
			);
			name = Main.storyboard;
			sourceTree = "<group>";
		};
		F10147142ABAA61B004F1BCB /* LaunchScreen.storyboard */ = {
			isa = PBXVariantGroup;
			children = (
				F10147152ABAA61B004F1BCB /* Base */,
			);
			name = LaunchScreen.storyboard;
			sourceTree = "<group>";
		};
/* End PBXVariantGroup section */

/* Begin XCBuildConfiguration section */
		F10147182ABAA61B004F1BCB /* Debug */ = {
			isa = XCBuildConfiguration;
			buildSettings = {
				ALWAYS_SEARCH_USER_PATHS = NO;
				CLANG_ANALYZER_NONNULL = YES;
				CLANG_ANALYZER_NUMBER_OBJECT_CONVERSION = YES_AGGRESSIVE;
				CLANG_CXX_LANGUAGE_STANDARD = "gnu++20";
				CLANG_ENABLE_MODULES = YES;
				CLANG_ENABLE_OBJC_ARC = YES;
				CLANG_ENABLE_OBJC_WEAK = YES;
				CLANG_WARN_BLOCK_CAPTURE_AUTORELEASING = YES;
				CLANG_WARN_BOOL_CONVERSION = YES;
				CLANG_WARN_COMMA = YES;
				CLANG_WARN_CONSTANT_CONVERSION = YES;
				CLANG_WARN_DEPRECATED_OBJC_IMPLEMENTATIONS = YES;
				CLANG_WARN_DIRECT_OBJC_ISA_USAGE = YES_ERROR;
				CLANG_WARN_DOCUMENTATION_COMMENTS = YES;
				CLANG_WARN_EMPTY_BODY = YES;
				CLANG_WARN_ENUM_CONVERSION = YES;
				CLANG_WARN_INFINITE_RECURSION = YES;
				CLANG_WARN_INT_CONVERSION = YES;
				CLANG_WARN_NON_LITERAL_NULL_CONVERSION = YES;
				CLANG_WARN_OBJC_IMPLICIT_RETAIN_SELF = YES;
				CLANG_WARN_OBJC_LITERAL_CONVERSION = YES;
				CLANG_WARN_OBJC_ROOT_CLASS = YES_ERROR;
				CLANG_WARN_QUOTED_INCLUDE_IN_FRAMEWORK_HEADER = YES;
				CLANG_WARN_RANGE_LOOP_ANALYSIS = YES;
				CLANG_WARN_STRICT_PROTOTYPES = YES;
				CLANG_WARN_SUSPICIOUS_MOVE = YES;
				CLANG_WARN_UNGUARDED_AVAILABILITY = YES_AGGRESSIVE;
				CLANG_WARN_UNREACHABLE_CODE = YES;
				CLANG_WARN__DUPLICATE_METHOD_MATCH = YES;
				COPY_PHASE_STRIP = NO;
				DEBUG_INFORMATION_FORMAT = dwarf;
				ENABLE_STRICT_OBJC_MSGSEND = YES;
				ENABLE_TESTABILITY = YES;
				GCC_C_LANGUAGE_STANDARD = gnu11;
				GCC_DYNAMIC_NO_PIC = NO;
				GCC_NO_COMMON_BLOCKS = YES;
				GCC_OPTIMIZATION_LEVEL = 0;
				GCC_PREPROCESSOR_DEFINITIONS = (
					"DEBUG=1",
					"$(inherited)",
				);
				GCC_WARN_64_TO_32_BIT_CONVERSION = YES;
				GCC_WARN_ABOUT_RETURN_TYPE = YES_ERROR;
				GCC_WARN_UNDECLARED_SELECTOR = YES;
				GCC_WARN_UNINITIALIZED_AUTOS = YES_AGGRESSIVE;
				GCC_WARN_UNUSED_FUNCTION = YES;
				GCC_WARN_UNUSED_VARIABLE = YES;
				IPHONEOS_DEPLOYMENT_TARGET = 16.2;
				MTL_ENABLE_DEBUG_INFO = INCLUDE_SOURCE;
				MTL_FAST_MATH = YES;
				ONLY_ACTIVE_ARCH = YES;
				SDKROOT = iphoneos;
				SWIFT_ACTIVE_COMPILATION_CONDITIONS = DEBUG;
				SWIFT_OPTIMIZATION_LEVEL = "-Onone";
			};
			name = Debug;
		};
		F10147192ABAA61B004F1BCB /* Release */ = {
			isa = XCBuildConfiguration;
			buildSettings = {
				ALWAYS_SEARCH_USER_PATHS = NO;
				CLANG_ANALYZER_NONNULL = YES;
				CLANG_ANALYZER_NUMBER_OBJECT_CONVERSION = YES_AGGRESSIVE;
				CLANG_CXX_LANGUAGE_STANDARD = "gnu++20";
				CLANG_ENABLE_MODULES = YES;
				CLANG_ENABLE_OBJC_ARC = YES;
				CLANG_ENABLE_OBJC_WEAK = YES;
				CLANG_WARN_BLOCK_CAPTURE_AUTORELEASING = YES;
				CLANG_WARN_BOOL_CONVERSION = YES;
				CLANG_WARN_COMMA = YES;
				CLANG_WARN_CONSTANT_CONVERSION = YES;
				CLANG_WARN_DEPRECATED_OBJC_IMPLEMENTATIONS = YES;
				CLANG_WARN_DIRECT_OBJC_ISA_USAGE = YES_ERROR;
				CLANG_WARN_DOCUMENTATION_COMMENTS = YES;
				CLANG_WARN_EMPTY_BODY = YES;
				CLANG_WARN_ENUM_CONVERSION = YES;
				CLANG_WARN_INFINITE_RECURSION = YES;
				CLANG_WARN_INT_CONVERSION = YES;
				CLANG_WARN_NON_LITERAL_NULL_CONVERSION = YES;
				CLANG_WARN_OBJC_IMPLICIT_RETAIN_SELF = YES;
				CLANG_WARN_OBJC_LITERAL_CONVERSION = YES;
				CLANG_WARN_OBJC_ROOT_CLASS = YES_ERROR;
				CLANG_WARN_QUOTED_INCLUDE_IN_FRAMEWORK_HEADER = YES;
				CLANG_WARN_RANGE_LOOP_ANALYSIS = YES;
				CLANG_WARN_STRICT_PROTOTYPES = YES;
				CLANG_WARN_SUSPICIOUS_MOVE = YES;
				CLANG_WARN_UNGUARDED_AVAILABILITY = YES_AGGRESSIVE;
				CLANG_WARN_UNREACHABLE_CODE = YES;
				CLANG_WARN__DUPLICATE_METHOD_MATCH = YES;
				COPY_PHASE_STRIP = NO;
				DEBUG_INFORMATION_FORMAT = "dwarf-with-dsym";
				ENABLE_NS_ASSERTIONS = NO;
				ENABLE_STRICT_OBJC_MSGSEND = YES;
				GCC_C_LANGUAGE_STANDARD = gnu11;
				GCC_NO_COMMON_BLOCKS = YES;
				GCC_WARN_64_TO_32_BIT_CONVERSION = YES;
				GCC_WARN_ABOUT_RETURN_TYPE = YES_ERROR;
				GCC_WARN_UNDECLARED_SELECTOR = YES;
				GCC_WARN_UNINITIALIZED_AUTOS = YES_AGGRESSIVE;
				GCC_WARN_UNUSED_FUNCTION = YES;
				GCC_WARN_UNUSED_VARIABLE = YES;
				IPHONEOS_DEPLOYMENT_TARGET = 16.2;
				MTL_ENABLE_DEBUG_INFO = NO;
				MTL_FAST_MATH = YES;
				SDKROOT = iphoneos;
				SWIFT_COMPILATION_MODE = wholemodule;
				SWIFT_OPTIMIZATION_LEVEL = "-O";
				VALIDATE_PRODUCT = YES;
			};
			name = Release;
		};
		F101471B2ABAA61B004F1BCB /* Debug */ = {
			isa = XCBuildConfiguration;
			buildSettings = {
				ASSETCATALOG_COMPILER_APPICON_NAME = AppIcon;
				ASSETCATALOG_COMPILER_GLOBAL_ACCENT_COLOR_NAME = AccentColor;
				CODE_SIGN_STYLE = Automatic;
				CURRENT_PROJECT_VERSION = 1;
				GENERATE_INFOPLIST_FILE = YES;
				INFOPLIST_FILE = "Week 4 test/Info.plist";
				INFOPLIST_KEY_UIApplicationSupportsIndirectInputEvents = YES;
				INFOPLIST_KEY_UILaunchStoryboardName = LaunchScreen;
				INFOPLIST_KEY_UIMainStoryboardFile = Main;
				INFOPLIST_KEY_UISupportedInterfaceOrientations_iPad = "UIInterfaceOrientationPortrait UIInterfaceOrientationPortraitUpsideDown UIInterfaceOrientationLandscapeLeft UIInterfaceOrientationLandscapeRight";
				INFOPLIST_KEY_UISupportedInterfaceOrientations_iPhone = "UIInterfaceOrientationPortrait UIInterfaceOrientationLandscapeLeft UIInterfaceOrientationLandscapeRight";
				LD_RUNPATH_SEARCH_PATHS = (
					"$(inherited)",
					"@executable_path/Frameworks",
				);
				MARKETING_VERSION = 1.0;
				PRODUCT_BUNDLE_IDENTIFIER = "com.mallow-tech.Week-4-test";
				PRODUCT_NAME = "$(TARGET_NAME)";
				SWIFT_EMIT_LOC_STRINGS = YES;
				SWIFT_VERSION = 5.0;
				TARGETED_DEVICE_FAMILY = "1,2";
			};
			name = Debug;
		};
		F101471C2ABAA61B004F1BCB /* Release */ = {
			isa = XCBuildConfiguration;
			buildSettings = {
				ASSETCATALOG_COMPILER_APPICON_NAME = AppIcon;
				ASSETCATALOG_COMPILER_GLOBAL_ACCENT_COLOR_NAME = AccentColor;
				CODE_SIGN_STYLE = Automatic;
				CURRENT_PROJECT_VERSION = 1;
				GENERATE_INFOPLIST_FILE = YES;
				INFOPLIST_FILE = "Week 4 test/Info.plist";
				INFOPLIST_KEY_UIApplicationSupportsIndirectInputEvents = YES;
				INFOPLIST_KEY_UILaunchStoryboardName = LaunchScreen;
				INFOPLIST_KEY_UIMainStoryboardFile = Main;
				INFOPLIST_KEY_UISupportedInterfaceOrientations_iPad = "UIInterfaceOrientationPortrait UIInterfaceOrientationPortraitUpsideDown UIInterfaceOrientationLandscapeLeft UIInterfaceOrientationLandscapeRight";
				INFOPLIST_KEY_UISupportedInterfaceOrientations_iPhone = "UIInterfaceOrientationPortrait UIInterfaceOrientationLandscapeLeft UIInterfaceOrientationLandscapeRight";
				LD_RUNPATH_SEARCH_PATHS = (
					"$(inherited)",
					"@executable_path/Frameworks",
				);
				MARKETING_VERSION = 1.0;
				PRODUCT_BUNDLE_IDENTIFIER = "com.mallow-tech.Week-4-test";
				PRODUCT_NAME = "$(TARGET_NAME)";
				SWIFT_EMIT_LOC_STRINGS = YES;
				SWIFT_VERSION = 5.0;
				TARGETED_DEVICE_FAMILY = "1,2";
			};
			name = Release;
		};
/* End XCBuildConfiguration section */

/* Begin XCConfigurationList section */
		F10147012ABAA617004F1BCB /* Build configuration list for PBXProject "Week 4 test" */ = {
			isa = XCConfigurationList;
			buildConfigurations = (
				F10147182ABAA61B004F1BCB /* Debug */,
				F10147192ABAA61B004F1BCB /* Release */,
			);
			defaultConfigurationIsVisible = 0;
			defaultConfigurationName = Release;
		};
		F101471A2ABAA61B004F1BCB /* Build configuration list for PBXNativeTarget "Week 4 test" */ = {
			isa = XCConfigurationList;
			buildConfigurations = (
				F101471B2ABAA61B004F1BCB /* Debug */,
				F101471C2ABAA61B004F1BCB /* Release */,
			);
			defaultConfigurationIsVisible = 0;
			defaultConfigurationName = Release;
		};
/* End XCConfigurationList section */
	};
	rootObject = F10146FE2ABAA617004F1BCB /* Project object */;
}
